
Microsoft Visual Studio Solution File, Format Version 12.00
# Visual Studio Version 17
VisualStudioVersion = 17.12.35707.178 d17.12
MinimumVisualStudioVersion = 10.0.40219.1
Project("{FAE04EC0-301F-11D3-BF4B-00C04F79EFBC}") = "Netways.Logger.Core", "Netways.Logger.Core\Netways.Logger.Core.csproj", "{2C79C675-4958-462B-85B9-2E381CB3277C}"
EndProject
Project("{FAE04EC0-301F-11D3-BF4B-00C04F79EFBC}") = "Netways.Logger.Model", "Netways.Logger.Model\Netways.Logger.Model.csproj", "{B2BC6924-7463-415C-B6D9-4C70F380275A}"
EndProject
Global
	GlobalSection(SolutionConfigurationPlatforms) = preSolution
		Debug|Any CPU = Debug|Any CPU
		Release|Any CPU = Release|Any CPU
	EndGlobalSection
	GlobalSection(ProjectConfigurationPlatforms) = postSolution
		{2C79C675-4958-462B-85B9-2E381CB3277C}.Debug|Any CPU.ActiveCfg = Debug|Any CPU
		{2C79C675-4958-462B-85B9-2E381CB3277C}.Debug|Any CPU.Build.0 = Debug|Any CPU
		{2C79C675-4958-462B-85B9-2E381CB3277C}.Release|Any CPU.ActiveCfg = Release|Any CPU
		{2C79C675-4958-462B-85B9-2E381CB3277C}.Release|Any CPU.Build.0 = Release|Any CPU
		{B2BC6924-7463-415C-B6D9-4C70F380275A}.Debug|Any CPU.ActiveCfg = Debug|Any CPU
		{B2BC6924-7463-415C-B6D9-4C70F380275A}.Debug|Any CPU.Build.0 = Debug|Any CPU
		{B2BC6924-7463-415C-B6D9-4C70F380275A}.Release|Any CPU.ActiveCfg = Release|Any CPU
		{B2BC6924-7463-415C-B6D9-4C70F380275A}.Release|Any CPU.Build.0 = Release|Any CPU
	EndGlobalSection
	GlobalSection(SolutionProperties) = preSolution
		HideSolutionNode = FALSE
	EndGlobalSection
EndGlobal
